# THIS IS AN AUTOGENERATED FILE. DO NOT EDIT THIS FILE DIRECTLY.
# yarn lockfile v1


awesome-watermark@^1.0.3:
  version "1.0.3"
  resolved "https://registry.yarnpkg.com/awesome-watermark/-/awesome-watermark-1.0.3.tgz#d14ad2f57381c22993b0c03aea5defb7a95545a6"
  integrity sha512-b2XcaBi6Rw+dsjK2zd91Oai+MmxfJAZOJPcOun6HvskK3cgEAD8KJ4wy8LXltEV3xXyr/WlH8mYRDKztlTFa6Q==
